<Solution>
  <Folder Name="/Test/">
    <Project Path="API.Test/API.Test.csproj" />
    <Project Path="Infra.Test/Infra.Test.csproj" />
  </Folder>
  <Project Path="API/API.csproj" />
  <Project Path="Application/Application.csproj" />
  <Project Path="Domain/Domain.csproj" />
  <Project Path="Infra/Infra.csproj" />
</Solution>
